
Microsoft Visual Studio Solution File, Format Version 11.00
# Visual C# Express 2010
Project("{FAE04EC0-301F-11D3-BF4B-00C04F79EFBC}") = "mpcstats", "mpcstats.csproj", "{14667686-668A-4A08-A624-6B036ED530D5}"
EndProject
Global
	GlobalSection(SolutionConfigurationPlatforms) = preSolution
		Debug|Any CPU = Debug|Any CPU
		Release|Any CPU = Release|Any CPU
	EndGlobalSection
	GlobalSection(ProjectConfigurationPlatforms) = postSolution
		{14667686-668A-4A08-A624-6B036ED530D5}.Debug|Any CPU.ActiveCfg = Debug|Any CPU
		{14667686-668A-4A08-A624-6B036ED530D5}.Debug|Any CPU.Build.0 = Debug|Any CPU
		{14667686-668A-4A08-A624-6B036ED530D5}.Release|Any CPU.ActiveCfg = Release|Any CPU
		{14667686-668A-4A08-A624-6B036ED530D5}.Release|Any CPU.Build.0 = Release|Any CPU
	EndGlobalSection
	GlobalSection(SolutionProperties) = preSolution
		HideSolutionNode = FALSE
	EndGlobalSection
EndGlobal
